// !$*UTF8*$!
{
	archiveVersion = 1;
	classes = {
	};
	objectVersion = 46;
	objects = {

/* Begin PBXBuildFile section */
		4505F78218538C2100A01CB2 /* AvatarViewController.m in Sources */ = {isa = PBXBuildFile; fileRef = 4505F78118538C2100A01CB2 /* AvatarViewController.m */; };
		4505F78518538CDA00A01CB2 /* PerfilViewController.m in Sources */ = {isa = PBXBuildFile; fileRef = 4505F78418538CDA00A01CB2 /* PerfilViewController.m */; };
		4505F78C18538FE800A01CB2 /* UIImage+StackBlur.m in Sources */ = {isa = PBXBuildFile; fileRef = 4505F78B18538FE800A01CB2 /* UIImage+StackBlur.m */; };
		4505F78E185396D700A01CB2 /* photomissing.png in Resources */ = {isa = PBXBuildFile; fileRef = 4505F78D185396D700A01CB2 /* photomissing.png */; };
		4538BA51184F633400D32205 /* Foundation.framework in Frameworks */ = {isa = PBXBuildFile; fileRef = 4538BA50184F633400D32205 /* Foundation.framework */; };
		4538BA53184F633400D32205 /* CoreGraphics.framework in Frameworks */ = {isa = PBXBuildFile; fileRef = 4538BA52184F633400D32205 /* CoreGraphics.framework */; };
		4538BA55184F633400D32205 /* UIKit.framework in Frameworks */ = {isa = PBXBuildFile; fileRef = 4538BA54184F633400D32205 /* UIKit.framework */; };
		4538BA5D184F633400D32205 /* main.m in Sources */ = {isa = PBXBuildFile; fileRef = 4538BA5C184F633400D32205 /* main.m */; };
		4538BA61184F633400D32205 /* AppDelegate.m in Sources */ = {isa = PBXBuildFile; fileRef = 4538BA60184F633400D32205 /* AppDelegate.m */; };
		4538BA63184F633400D32205 /* Images.xcassets in Resources */ = {isa = PBXBuildFile; fileRef = 4538BA62184F633400D32205 /* Images.xcassets */; };
		4538BA6A184F633400D32205 /* XCTest.framework in Frameworks */ = {isa = PBXBuildFile; fileRef = 4538BA69184F633400D32205 /* XCTest.framework */; };
		4538BA6B184F633400D32205 /* Foundation.framework in Frameworks */ = {isa = PBXBuildFile; fileRef = 4538BA50184F633400D32205 /* Foundation.framework */; };
		4538BA6C184F633400D32205 /* UIKit.framework in Frameworks */ = {isa = PBXBuildFile; fileRef = 4538BA54184F633400D32205 /* UIKit.framework */; };
		4538BA74184F633400D32205 /* InfoPlist.strings in Resources */ = {isa = PBXBuildFile; fileRef = 4538BA72184F633400D32205 /* InfoPlist.strings */; };
		4538BA76184F633400D32205 /* Series_lyTests.m in Sources */ = {isa = PBXBuildFile; fileRef = 4538BA75184F633400D32205 /* Series_lyTests.m */; };
		4556078E184F8A4100CA7E10 /* logo256x256.png in Resources */ = {isa = PBXBuildFile; fileRef = 4556078C184F8A4100CA7E10 /* logo256x256.png */; };
		4556078F184F8A4100CA7E10 /* logoSeriesly375x375.png in Resources */ = {isa = PBXBuildFile; fileRef = 4556078D184F8A4100CA7E10 /* logoSeriesly375x375.png */; };
		45560793184F8A9400CA7E10 /* ManejadorServicioWebSeriesLy.m in Sources */ = {isa = PBXBuildFile; fileRef = 45560792184F8A9400CA7E10 /* ManejadorServicioWebSeriesLy.m */; };
		4556079B184F8CE100CA7E10 /* AuthToken.m in Sources */ = {isa = PBXBuildFile; fileRef = 45560796184F8CE100CA7E10 /* AuthToken.m */; };
		4556079C184F8CE100CA7E10 /* UserCredentials.m in Sources */ = {isa = PBXBuildFile; fileRef = 45560798184F8CE100CA7E10 /* UserCredentials.m */; };
		4556079D184F8CE100CA7E10 /* UserToken.m in Sources */ = {isa = PBXBuildFile; fileRef = 4556079A184F8CE100CA7E10 /* UserToken.m */; };
		455607A0184F8D4200CA7E10 /* MetaModel.m in Sources */ = {isa = PBXBuildFile; fileRef = 4556079F184F8D4100CA7E10 /* MetaModel.m */; };
		4573B2F8184F6B98006ECA31 /* LoadableViewController.m in Sources */ = {isa = PBXBuildFile; fileRef = 4573B2DB184F6B98006ECA31 /* LoadableViewController.m */; };
		4573B2F9184F6B98006ECA31 /* LoadableWithSegmentedControlViewController.m in Sources */ = {isa = PBXBuildFile; fileRef = 4573B2DD184F6B98006ECA31 /* LoadableWithSegmentedControlViewController.m */; };
		4573B2FA184F6B98006ECA31 /* LoadableWithTableViewController.m in Sources */ = {isa = PBXBuildFile; fileRef = 4573B2DF184F6B98006ECA31 /* LoadableWithTableViewController.m */; };
		4573B2FB184F6B98006ECA31 /* LoadableWithTextFieldsForLoginViewController.m in Sources */ = {isa = PBXBuildFile; fileRef = 4573B2E1184F6B98006ECA31 /* LoadableWithTextFieldsForLoginViewController.m */; };
		4573B2FC184F6B98006ECA31 /* ParentViewController.m in Sources */ = {isa = PBXBuildFile; fileRef = 4573B2E3184F6B98006ECA31 /* ParentViewController.m */; };
		4573B2FD184F6B98006ECA31 /* RefreshableViewController.m in Sources */ = {isa = PBXBuildFile; fileRef = 4573B2E5184F6B98006ECA31 /* RefreshableViewController.m */; };
		4573B2FE184F6B98006ECA31 /* RootViewController.m in Sources */ = {isa = PBXBuildFile; fileRef = 4573B2E7184F6B98006ECA31 /* RootViewController.m */; };
		4573B2FF184F6B98006ECA31 /* GeolocationManager.m in Sources */ = {isa = PBXBuildFile; fileRef = 4573B2EB184F6B98006ECA31 /* GeolocationManager.m */; };
		4573B300184F6B98006ECA31 /* ImagenGrandeViewController.m in Sources */ = {isa = PBXBuildFile; fileRef = 4573B2ED184F6B98006ECA31 /* ImagenGrandeViewController.m */; };
		4573B302184F6B98006ECA31 /* MemoryPrinter.m in Sources */ = {isa = PBXBuildFile; fileRef = 4573B2F1184F6B98006ECA31 /* MemoryPrinter.m */; };
		4573B303184F6B98006ECA31 /* Reachability.m in Sources */ = {isa = PBXBuildFile; fileRef = 4573B2F3184F6B98006ECA31 /* Reachability.m */; };
		4573B304184F6B98006ECA31 /* ScreenSizeManager.m in Sources */ = {isa = PBXBuildFile; fileRef = 4573B2F5184F6B98006ECA31 /* ScreenSizeManager.m */; };
		4573B305184F6B98006ECA31 /* TratadorImagenes.m in Sources */ = {isa = PBXBuildFile; fileRef = 4573B2F7184F6B98006ECA31 /* TratadorImagenes.m */; };
		4573B31A184F6BEF006ECA31 /* CustomCell.m in Sources */ = {isa = PBXBuildFile; fileRef = 4573B308184F6BEF006ECA31 /* CustomCell.m */; };
		4573B31B184F6BEF006ECA31 /* CustomCellAppearance.m in Sources */ = {isa = PBXBuildFile; fileRef = 4573B30A184F6BEF006ECA31 /* CustomCellAppearance.m */; };
		4573B31C184F6BEF006ECA31 /* CustomHeaderFooter.m in Sources */ = {isa = PBXBuildFile; fileRef = 4573B30C184F6BEF006ECA31 /* CustomHeaderFooter.m */; };
		4573B31D184F6BEF006ECA31 /* CustomHeaderFooterAppearance.m in Sources */ = {isa = PBXBuildFile; fileRef = 4573B30E184F6BEF006ECA31 /* CustomHeaderFooterAppearance.m */; };
		4573B31E184F6BEF006ECA31 /* CustomTableViewController.m in Sources */ = {isa = PBXBuildFile; fileRef = 4573B310184F6BEF006ECA31 /* CustomTableViewController.m */; };
		4573B31F184F6BEF006ECA31 /* CustomTableViewEditController.m in Sources */ = {isa = PBXBuildFile; fileRef = 4573B312184F6BEF006ECA31 /* CustomTableViewEditController.m */; };
		4573B320184F6BEF006ECA31 /* FabricaCeldas.m in Sources */ = {isa = PBXBuildFile; fileRef = 4573B314184F6BEF006ECA31 /* FabricaCeldas.m */; };
		4573B321184F6BEF006ECA31 /* FabricaHeaderFooterSecciones.m in Sources */ = {isa = PBXBuildFile; fileRef = 4573B316184F6BEF006ECA31 /* FabricaHeaderFooterSecciones.m */; };
		4573B322184F6BEF006ECA31 /* SectionElement.m in Sources */ = {isa = PBXBuildFile; fileRef = 4573B318184F6BEF006ECA31 /* SectionElement.m */; };
		4573B33B184F6CF6006ECA31 /* ASIAuthenticationDialog.m in Sources */ = {isa = PBXBuildFile; fileRef = 4573B328184F6CF6006ECA31 /* ASIAuthenticationDialog.m */; settings = {COMPILER_FLAGS = "-fno-objc-arc"; }; };
		4573B33C184F6CF6006ECA31 /* ASIDataCompressor.m in Sources */ = {isa = PBXBuildFile; fileRef = 4573B32B184F6CF6006ECA31 /* ASIDataCompressor.m */; settings = {COMPILER_FLAGS = "-fno-objc-arc"; }; };
		4573B33D184F6CF6006ECA31 /* ASIDataDecompressor.m in Sources */ = {isa = PBXBuildFile; fileRef = 4573B32D184F6CF6006ECA31 /* ASIDataDecompressor.m */; settings = {COMPILER_FLAGS = "-fno-objc-arc"; }; };
		4573B33E184F6CF6006ECA31 /* ASIDownloadCache.m in Sources */ = {isa = PBXBuildFile; fileRef = 4573B32F184F6CF6006ECA31 /* ASIDownloadCache.m */; settings = {COMPILER_FLAGS = "-fno-objc-arc"; }; };
		4573B33F184F6CF6006ECA31 /* ASIFormDataRequest.m in Sources */ = {isa = PBXBuildFile; fileRef = 4573B331184F6CF6006ECA31 /* ASIFormDataRequest.m */; settings = {COMPILER_FLAGS = "-fno-objc-arc"; }; };
		4573B340184F6CF6006ECA31 /* ASIHTTPRequest.m in Sources */ = {isa = PBXBuildFile; fileRef = 4573B333184F6CF6006ECA31 /* ASIHTTPRequest.m */; settings = {COMPILER_FLAGS = "-fno-objc-arc"; }; };
		4573B341184F6CF6006ECA31 /* ASIInputStream.m in Sources */ = {isa = PBXBuildFile; fileRef = 4573B337184F6CF6006ECA31 /* ASIInputStream.m */; settings = {COMPILER_FLAGS = "-fno-objc-arc"; }; };
		4573B342184F6CF6006ECA31 /* ASINetworkQueue.m in Sources */ = {isa = PBXBuildFile; fileRef = 4573B339184F6CF6006ECA31 /* ASINetworkQueue.m */; settings = {COMPILER_FLAGS = "-fno-objc-arc"; }; };
		4573B344184F6D84006ECA31 /* libz.dylib in Frameworks */ = {isa = PBXBuildFile; fileRef = 4573B343184F6D84006ECA31 /* libz.dylib */; };
		4573B346184F6D8F006ECA31 /* CFNetwork.framework in Frameworks */ = {isa = PBXBuildFile; fileRef = 4573B345184F6D8F006ECA31 /* CFNetwork.framework */; };
		4573B348184F6D97006ECA31 /* SystemConfiguration.framework in Frameworks */ = {isa = PBXBuildFile; fileRef = 4573B347184F6D97006ECA31 /* SystemConfiguration.framework */; };
		4573B34A184F6DA0006ECA31 /* MobileCoreServices.framework in Frameworks */ = {isa = PBXBuildFile; fileRef = 4573B349184F6DA0006ECA31 /* MobileCoreServices.framework */; };
		4573B34E184F6EB4006ECA31 /* ContainerLoginViewController.m in Sources */ = {isa = PBXBuildFile; fileRef = 4573B34D184F6EB4006ECA31 /* ContainerLoginViewController.m */; };
		4573B35E184F7810006ECA31 /* HTAutocompleteManager.m in Sources */ = {isa = PBXBuildFile; fileRef = 4573B359184F7810006ECA31 /* HTAutocompleteManager.m */; };
		4573B35F184F7810006ECA31 /* HTAutocompleteTextField.m in Sources */ = {isa = PBXBuildFile; fileRef = 4573B35B184F7810006ECA31 /* HTAutocompleteTextField.m */; };
		4573B360184F7810006ECA31 /* HTEmailAutocompleteTextField.m in Sources */ = {isa = PBXBuildFile; fileRef = 4573B35D184F7810006ECA31 /* HTEmailAutocompleteTextField.m */; };
		4573B363184F7972006ECA31 /* LoginViewController.m in Sources */ = {isa = PBXBuildFile; fileRef = 4573B362184F7972006ECA31 /* LoginViewController.m */; };
		4573B366184F798B006ECA31 /* LoginiPhoneViewController.m in Sources */ = {isa = PBXBuildFile; fileRef = 4573B365184F798B006ECA31 /* LoginiPhoneViewController.m */; };
		4573B369184F7996006ECA31 /* LoginiPadViewController.m in Sources */ = {isa = PBXBuildFile; fileRef = 4573B368184F7996006ECA31 /* LoginiPadViewController.m */; };
		4573B374184F7E4C006ECA31 /* InfoPlist.strings in Resources */ = {isa = PBXBuildFile; fileRef = 4573B36B184F7E4C006ECA31 /* InfoPlist.strings */; };
		4573B375184F7E4C006ECA31 /* Localizable.strings in Resources */ = {isa = PBXBuildFile; fileRef = 4573B36D184F7E4C006ECA31 /* Localizable.strings */; };
		4573B376184F7E4C006ECA31 /* InfoPlist.strings in Resources */ = {isa = PBXBuildFile; fileRef = 4573B370184F7E4C006ECA31 /* InfoPlist.strings */; };
		4573B377184F7E4C006ECA31 /* Localizable.strings in Resources */ = {isa = PBXBuildFile; fileRef = 4573B372184F7E4C006ECA31 /* Localizable.strings */; };
		45C050F31850DB4B00A46B75 /* LoginInputViewController.m in Sources */ = {isa = PBXBuildFile; fileRef = 45C050F21850DB4B00A46B75 /* LoginInputViewController.m */; };
		45C050F61850E83300A46B75 /* LoginLogoViewController.m in Sources */ = {isa = PBXBuildFile; fileRef = 45C050F51850E83300A46B75 /* LoginLogoViewController.m */; };
		45C050F81850EBE800A46B75 /* logoSeriesly375x375@2x.png in Resources */ = {isa = PBXBuildFile; fileRef = 45C050F71850EBE800A46B75 /* logoSeriesly375x375@2x.png */; };
		45C050FC1850F5BD00A46B75 /* ContainerPerfilViewController.m in Sources */ = {isa = PBXBuildFile; fileRef = 45C050FB1850F5BD00A46B75 /* ContainerPerfilViewController.m */; };
		45C050FF1850F9F700A46B75 /* navBar.png in Resources */ = {isa = PBXBuildFile; fileRef = 45C050FD1850F9F700A46B75 /* navBar.png */; };
		45C051001850F9F700A46B75 /* navBar@2x.png in Resources */ = {isa = PBXBuildFile; fileRef = 45C050FE1850F9F700A46B75 /* navBar@2x.png */; };
		45C051031850FB4100A46B75 /* perfil.png in Resources */ = {isa = PBXBuildFile; fileRef = 45C051011850FB4100A46B75 /* perfil.png */; };
		45C051041850FB4100A46B75 /* perfil@2x.png in Resources */ = {isa = PBXBuildFile; fileRef = 45C051021850FB4100A46B75 /* perfil@2x.png */; };
		45C051071850FC1500A46B75 /* perfilUnselected.png in Resources */ = {isa = PBXBuildFile; fileRef = 45C051051850FC1500A46B75 /* perfilUnselected.png */; };
		45C051081850FC1500A46B75 /* perfilUnselected@2x.png in Resources */ = {isa = PBXBuildFile; fileRef = 45C051061850FC1500A46B75 /* perfilUnselected@2x.png */; };
		45C0510B1850FD5C00A46B75 /* tabBar.png in Resources */ = {isa = PBXBuildFile; fileRef = 45C051091850FD5C00A46B75 /* tabBar.png */; };
		45C0510C1850FD5C00A46B75 /* tabBar@2x.png in Resources */ = {isa = PBXBuildFile; fileRef = 45C0510A1850FD5C00A46B75 /* tabBar@2x.png */; };
		45C0510F1850FF5100A46B75 /* backButton.png in Resources */ = {isa = PBXBuildFile; fileRef = 45C0510D1850FF5100A46B75 /* backButton.png */; };
		45C051101850FF5100A46B75 /* backButton@2x.png in Resources */ = {isa = PBXBuildFile; fileRef = 45C0510E1850FF5100A46B75 /* backButton@2x.png */; };
		45C051171851008800A46B75 /* User.m in Sources */ = {isa = PBXBuildFile; fileRef = 45C051161851008800A46B75 /* User.m */; };
/* End PBXBuildFile section */

/* Begin PBXContainerItemProxy section */
		4538BA6D184F633400D32205 /* PBXContainerItemProxy */ = {
			isa = PBXContainerItemProxy;
			containerPortal = 4538BA45184F633300D32205 /* Project object */;
			proxyType = 1;
			remoteGlobalIDString = 4538BA4C184F633300D32205;
			remoteInfo = Series.ly;
		};
/* End PBXContainerItemProxy section */

/* Begin PBXFileReference section */
		4505F78018538C2100A01CB2 /* AvatarViewController.h */ = {isa = PBXFileReference; fileEncoding = 4; lastKnownFileType = sourcecode.c.h; path = AvatarViewController.h; sourceTree = "<group>"; };
		4505F78118538C2100A01CB2 /* AvatarViewController.m */ = {isa = PBXFileReference; fileEncoding = 4; lastKnownFileType = sourcecode.c.objc; path = AvatarViewController.m; sourceTree = "<group>"; };
		4505F78318538CDA00A01CB2 /* PerfilViewController.h */ = {isa = PBXFileReference; fileEncoding = 4; lastKnownFileType = sourcecode.c.h; path = PerfilViewController.h; sourceTree = "<group>"; };
		4505F78418538CDA00A01CB2 /* PerfilViewController.m */ = {isa = PBXFileReference; fileEncoding = 4; lastKnownFileType = sourcecode.c.objc; path = PerfilViewController.m; sourceTree = "<group>"; };
		4505F78A18538FE800A01CB2 /* UIImage+StackBlur.h */ = {isa = PBXFileReference; fileEncoding = 4; lastKnownFileType = sourcecode.c.h; path = "UIImage+StackBlur.h"; sourceTree = "<group>"; };
		4505F78B18538FE800A01CB2 /* UIImage+StackBlur.m */ = {isa = PBXFileReference; fileEncoding = 4; lastKnownFileType = sourcecode.c.objc; path = "UIImage+StackBlur.m"; sourceTree = "<group>"; };
		4505F78D185396D700A01CB2 /* photomissing.png */ = {isa = PBXFileReference; lastKnownFileType = image.png; path = photomissing.png; sourceTree = "<group>"; };
		4538BA4D184F633400D32205 /* Series.ly.app */ = {isa = PBXFileReference; explicitFileType = wrapper.application; includeInIndex = 0; path = Series.ly.app; sourceTree = BUILT_PRODUCTS_DIR; };
		4538BA50184F633400D32205 /* Foundation.framework */ = {isa = PBXFileReference; lastKnownFileType = wrapper.framework; name = Foundation.framework; path = System/Library/Frameworks/Foundation.framework; sourceTree = SDKROOT; };
		4538BA52184F633400D32205 /* CoreGraphics.framework */ = {isa = PBXFileReference; lastKnownFileType = wrapper.framework; name = CoreGraphics.framework; path = System/Library/Frameworks/CoreGraphics.framework; sourceTree = SDKROOT; };
		4538BA54184F633400D32205 /* UIKit.framework */ = {isa = PBXFileReference; lastKnownFileType = wrapper.framework; name = UIKit.framework; path = System/Library/Frameworks/UIKit.framework; sourceTree = SDKROOT; };
		4538BA58184F633400D32205 /* Series.ly-Info.plist */ = {isa = PBXFileReference; lastKnownFileType = text.plist.xml; path = "Series.ly-Info.plist"; sourceTree = "<group>"; };
		4538BA5C184F633400D32205 /* main.m */ = {isa = PBXFileReference; lastKnownFileType = sourcecode.c.objc; path = main.m; sourceTree = "<group>"; };
		4538BA5E184F633400D32205 /* Series.ly-Prefix.pch */ = {isa = PBXFileReference; lastKnownFileType = sourcecode.c.h; path = "Series.ly-Prefix.pch"; sourceTree = "<group>"; };
		4538BA5F184F633400D32205 /* AppDelegate.h */ = {isa = PBXFileReference; lastKnownFileType = sourcecode.c.h; path = AppDelegate.h; sourceTree = "<group>"; };
		4538BA60184F633400D32205 /* AppDelegate.m */ = {isa = PBXFileReference; lastKnownFileType = sourcecode.c.objc; path = AppDelegate.m; sourceTree = "<group>"; };
		4538BA62184F633400D32205 /* Images.xcassets */ = {isa = PBXFileReference; lastKnownFileType = folder.assetcatalog; path = Images.xcassets; sourceTree = "<group>"; };
		4538BA68184F633400D32205 /* Series.lyTests.xctest */ = {isa = PBXFileReference; explicitFileType = wrapper.cfbundle; includeInIndex = 0; path = Series.lyTests.xctest; sourceTree = BUILT_PRODUCTS_DIR; };
		4538BA69184F633400D32205 /* XCTest.framework */ = {isa = PBXFileReference; lastKnownFileType = wrapper.framework; name = XCTest.framework; path = Library/Frameworks/XCTest.framework; sourceTree = DEVELOPER_DIR; };
		4538BA71184F633400D32205 /* Series.lyTests-Info.plist */ = {isa = PBXFileReference; lastKnownFileType = text.plist.xml; path = "Series.lyTests-Info.plist"; sourceTree = "<group>"; };
		4538BA73184F633400D32205 /* en */ = {isa = PBXFileReference; lastKnownFileType = text.plist.strings; name = en; path = en.lproj/InfoPlist.strings; sourceTree = "<group>"; };
		4538BA75184F633400D32205 /* Series_lyTests.m */ = {isa = PBXFileReference; lastKnownFileType = sourcecode.c.objc; path = Series_lyTests.m; sourceTree = "<group>"; };
		4556078C184F8A4100CA7E10 /* logo256x256.png */ = {isa = PBXFileReference; lastKnownFileType = image.png; path = logo256x256.png; sourceTree = "<group>"; };
		4556078D184F8A4100CA7E10 /* logoSeriesly375x375.png */ = {isa = PBXFileReference; lastKnownFileType = image.png; path = logoSeriesly375x375.png; sourceTree = "<group>"; };
		45560791184F8A9400CA7E10 /* ManejadorServicioWebSeriesLy.h */ = {isa = PBXFileReference; fileEncoding = 4; lastKnownFileType = sourcecode.c.h; path = ManejadorServicioWebSeriesLy.h; sourceTree = "<group>"; };
		45560792184F8A9400CA7E10 /* ManejadorServicioWebSeriesLy.m */ = {isa = PBXFileReference; fileEncoding = 4; lastKnownFileType = sourcecode.c.objc; path = ManejadorServicioWebSeriesLy.m; sourceTree = "<group>"; };
		45560795184F8CE100CA7E10 /* AuthToken.h */ = {isa = PBXFileReference; fileEncoding = 4; lastKnownFileType = sourcecode.c.h; path = AuthToken.h; sourceTree = "<group>"; };
		45560796184F8CE100CA7E10 /* AuthToken.m */ = {isa = PBXFileReference; fileEncoding = 4; lastKnownFileType = sourcecode.c.objc; path = AuthToken.m; sourceTree = "<group>"; };
		45560797184F8CE100CA7E10 /* UserCredentials.h */ = {isa = PBXFileReference; fileEncoding = 4; lastKnownFileType = sourcecode.c.h; path = UserCredentials.h; sourceTree = "<group>"; };
		45560798184F8CE100CA7E10 /* UserCredentials.m */ = {isa = PBXFileReference; fileEncoding = 4; lastKnownFileType = sourcecode.c.objc; path = UserCredentials.m; sourceTree = "<group>"; };
		45560799184F8CE100CA7E10 /* UserToken.h */ = {isa = PBXFileReference; fileEncoding = 4; lastKnownFileType = sourcecode.c.h; path = UserToken.h; sourceTree = "<group>"; };
		4556079A184F8CE100CA7E10 /* UserToken.m */ = {isa = PBXFileReference; fileEncoding = 4; lastKnownFileType = sourcecode.c.objc; path = UserToken.m; sourceTree = "<group>"; };
		4556079E184F8D4100CA7E10 /* MetaModel.h */ = {isa = PBXFileReference; fileEncoding = 4; lastKnownFileType = sourcecode.c.h; path = MetaModel.h; sourceTree = "<group>"; };
		4556079F184F8D4100CA7E10 /* MetaModel.m */ = {isa = PBXFileReference; fileEncoding = 4; lastKnownFileType = sourcecode.c.objc; path = MetaModel.m; sourceTree = "<group>"; };
		4573B2D6184F69A4006ECA31 /* TemaSeriesLy.h */ = {isa = PBXFileReference; fileEncoding = 4; lastKnownFileType = sourcecode.c.h; path = TemaSeriesLy.h; sourceTree = "<group>"; };
		4573B2DA184F6B98006ECA31 /* LoadableViewController.h */ = {isa = PBXFileReference; fileEncoding = 4; lastKnownFileType = sourcecode.c.h; path = LoadableViewController.h; sourceTree = "<group>"; };
		4573B2DB184F6B98006ECA31 /* LoadableViewController.m */ = {isa = PBXFileReference; fileEncoding = 4; lastKnownFileType = sourcecode.c.objc; path = LoadableViewController.m; sourceTree = "<group>"; };
		4573B2DC184F6B98006ECA31 /* LoadableWithSegmentedControlViewController.h */ = {isa = PBXFileReference; fileEncoding = 4; lastKnownFileType = sourcecode.c.h; path = LoadableWithSegmentedControlViewController.h; sourceTree = "<group>"; };
		4573B2DD184F6B98006ECA31 /* LoadableWithSegmentedControlViewController.m */ = {isa = PBXFileReference; fileEncoding = 4; lastKnownFileType = sourcecode.c.objc; path = LoadableWithSegmentedControlViewController.m; sourceTree = "<group>"; };
		4573B2DE184F6B98006ECA31 /* LoadableWithTableViewController.h */ = {isa = PBXFileReference; fileEncoding = 4; lastKnownFileType = sourcecode.c.h; path = LoadableWithTableViewController.h; sourceTree = "<group>"; };
		4573B2DF184F6B98006ECA31 /* LoadableWithTableViewController.m */ = {isa = PBXFileReference; fileEncoding = 4; lastKnownFileType = sourcecode.c.objc; path = LoadableWithTableViewController.m; sourceTree = "<group>"; };
		4573B2E0184F6B98006ECA31 /* LoadableWithTextFieldsForLoginViewController.h */ = {isa = PBXFileReference; fileEncoding = 4; lastKnownFileType = sourcecode.c.h; path = LoadableWithTextFieldsForLoginViewController.h; sourceTree = "<group>"; };
		4573B2E1184F6B98006ECA31 /* LoadableWithTextFieldsForLoginViewController.m */ = {isa = PBXFileReference; fileEncoding = 4; lastKnownFileType = sourcecode.c.objc; path = LoadableWithTextFieldsForLoginViewController.m; sourceTree = "<group>"; };
		4573B2E2184F6B98006ECA31 /* ParentViewController.h */ = {isa = PBXFileReference; fileEncoding = 4; lastKnownFileType = sourcecode.c.h; path = ParentViewController.h; sourceTree = "<group>"; };
		4573B2E3184F6B98006ECA31 /* ParentViewController.m */ = {isa = PBXFileReference; fileEncoding = 4; lastKnownFileType = sourcecode.c.objc; path = ParentViewController.m; sourceTree = "<group>"; };
		4573B2E4184F6B98006ECA31 /* RefreshableViewController.h */ = {isa = PBXFileReference; fileEncoding = 4; lastKnownFileType = sourcecode.c.h; path = RefreshableViewController.h; sourceTree = "<group>"; };
		4573B2E5184F6B98006ECA31 /* RefreshableViewController.m */ = {isa = PBXFileReference; fileEncoding = 4; lastKnownFileType = sourcecode.c.objc; path = RefreshableViewController.m; sourceTree = "<group>"; };
		4573B2E6184F6B98006ECA31 /* RootViewController.h */ = {isa = PBXFileReference; fileEncoding = 4; lastKnownFileType = sourcecode.c.h; path = RootViewController.h; sourceTree = "<group>"; };
		4573B2E7184F6B98006ECA31 /* RootViewController.m */ = {isa = PBXFileReference; fileEncoding = 4; lastKnownFileType = sourcecode.c.objc; path = RootViewController.m; sourceTree = "<group>"; };
		4573B2E9184F6B98006ECA31 /* ConstantsCustomSplitViewController.h */ = {isa = PBXFileReference; fileEncoding = 4; lastKnownFileType = sourcecode.c.h; path = ConstantsCustomSplitViewController.h; sourceTree = "<group>"; };
		4573B2EA184F6B98006ECA31 /* GeolocationManager.h */ = {isa = PBXFileReference; fileEncoding = 4; lastKnownFileType = sourcecode.c.h; path = GeolocationManager.h; sourceTree = "<group>"; };
		4573B2EB184F6B98006ECA31 /* GeolocationManager.m */ = {isa = PBXFileReference; fileEncoding = 4; lastKnownFileType = sourcecode.c.objc; path = GeolocationManager.m; sourceTree = "<group>"; };
		4573B2EC184F6B98006ECA31 /* ImagenGrandeViewController.h */ = {isa = PBXFileReference; fileEncoding = 4; lastKnownFileType = sourcecode.c.h; path = ImagenGrandeViewController.h; sourceTree = "<group>"; };
		4573B2ED184F6B98006ECA31 /* ImagenGrandeViewController.m */ = {isa = PBXFileReference; fileEncoding = 4; lastKnownFileType = sourcecode.c.objc; path = ImagenGrandeViewController.m; sourceTree = "<group>"; };
		4573B2F0184F6B98006ECA31 /* MemoryPrinter.h */ = {isa = PBXFileReference; fileEncoding = 4; lastKnownFileType = sourcecode.c.h; path = MemoryPrinter.h; sourceTree = "<group>"; };
		4573B2F1184F6B98006ECA31 /* MemoryPrinter.m */ = {isa = PBXFileReference; fileEncoding = 4; lastKnownFileType = sourcecode.c.objc; path = MemoryPrinter.m; sourceTree = "<group>"; };
		4573B2F2184F6B98006ECA31 /* Reachability.h */ = {isa = PBXFileReference; fileEncoding = 4; lastKnownFileType = sourcecode.c.h; path = Reachability.h; sourceTree = "<group>"; };
		4573B2F3184F6B98006ECA31 /* Reachability.m */ = {isa = PBXFileReference; fileEncoding = 4; lastKnownFileType = sourcecode.c.objc; path = Reachability.m; sourceTree = "<group>"; };
		4573B2F4184F6B98006ECA31 /* ScreenSizeManager.h */ = {isa = PBXFileReference; fileEncoding = 4; lastKnownFileType = sourcecode.c.h; path = ScreenSizeManager.h; sourceTree = "<group>"; };
		4573B2F5184F6B98006ECA31 /* ScreenSizeManager.m */ = {isa = PBXFileReference; fileEncoding = 4; lastKnownFileType = sourcecode.c.objc; path = ScreenSizeManager.m; sourceTree = "<group>"; };
		4573B2F6184F6B98006ECA31 /* TratadorImagenes.h */ = {isa = PBXFileReference; fileEncoding = 4; lastKnownFileType = sourcecode.c.h; path = TratadorImagenes.h; sourceTree = "<group>"; };
		4573B2F7184F6B98006ECA31 /* TratadorImagenes.m */ = {isa = PBXFileReference; fileEncoding = 4; lastKnownFileType = sourcecode.c.objc; path = TratadorImagenes.m; sourceTree = "<group>"; };
		4573B307184F6BEF006ECA31 /* CustomCell.h */ = {isa = PBXFileReference; fileEncoding = 4; lastKnownFileType = sourcecode.c.h; path = CustomCell.h; sourceTree = "<group>"; };
		4573B308184F6BEF006ECA31 /* CustomCell.m */ = {isa = PBXFileReference; fileEncoding = 4; lastKnownFileType = sourcecode.c.objc; path = CustomCell.m; sourceTree = "<group>"; };
		4573B309184F6BEF006ECA31 /* CustomCellAppearance.h */ = {isa = PBXFileReference; fileEncoding = 4; lastKnownFileType = sourcecode.c.h; path = CustomCellAppearance.h; sourceTree = "<group>"; };
		4573B30A184F6BEF006ECA31 /* CustomCellAppearance.m */ = {isa = PBXFileReference; fileEncoding = 4; lastKnownFileType = sourcecode.c.objc; path = CustomCellAppearance.m; sourceTree = "<group>"; };
		4573B30B184F6BEF006ECA31 /* CustomHeaderFooter.h */ = {isa = PBXFileReference; fileEncoding = 4; lastKnownFileType = sourcecode.c.h; path = CustomHeaderFooter.h; sourceTree = "<group>"; };
		4573B30C184F6BEF006ECA31 /* CustomHeaderFooter.m */ = {isa = PBXFileReference; fileEncoding = 4; lastKnownFileType = sourcecode.c.objc; path = CustomHeaderFooter.m; sourceTree = "<group>"; };
		4573B30D184F6BEF006ECA31 /* CustomHeaderFooterAppearance.h */ = {isa = PBXFileReference; fileEncoding = 4; lastKnownFileType = sourcecode.c.h; path = CustomHeaderFooterAppearance.h; sourceTree = "<group>"; };
		4573B30E184F6BEF006ECA31 /* CustomHeaderFooterAppearance.m */ = {isa = PBXFileReference; fileEncoding = 4; lastKnownFileType = sourcecode.c.objc; path = CustomHeaderFooterAppearance.m; sourceTree = "<group>"; };
		4573B30F184F6BEF006ECA31 /* CustomTableViewController.h */ = {isa = PBXFileReference; fileEncoding = 4; lastKnownFileType = sourcecode.c.h; path = CustomTableViewController.h; sourceTree = "<group>"; };
		4573B310184F6BEF006ECA31 /* CustomTableViewController.m */ = {isa = PBXFileReference; fileEncoding = 4; lastKnownFileType = sourcecode.c.objc; path = CustomTableViewController.m; sourceTree = "<group>"; };
		4573B311184F6BEF006ECA31 /* CustomTableViewEditController.h */ = {isa = PBXFileReference; fileEncoding = 4; lastKnownFileType = sourcecode.c.h; path = CustomTableViewEditController.h; sourceTree = "<group>"; };
		4573B312184F6BEF006ECA31 /* CustomTableViewEditController.m */ = {isa = PBXFileReference; fileEncoding = 4; lastKnownFileType = sourcecode.c.objc; path = CustomTableViewEditController.m; sourceTree = "<group>"; };
		4573B313184F6BEF006ECA31 /* FabricaCeldas.h */ = {isa = PBXFileReference; fileEncoding = 4; lastKnownFileType = sourcecode.c.h; path = FabricaCeldas.h; sourceTree = "<group>"; };
		4573B314184F6BEF006ECA31 /* FabricaCeldas.m */ = {isa = PBXFileReference; fileEncoding = 4; lastKnownFileType = sourcecode.c.objc; path = FabricaCeldas.m; sourceTree = "<group>"; };
		4573B315184F6BEF006ECA31 /* FabricaHeaderFooterSecciones.h */ = {isa = PBXFileReference; fileEncoding = 4; lastKnownFileType = sourcecode.c.h; path = FabricaHeaderFooterSecciones.h; sourceTree = "<group>"; };
		4573B316184F6BEF006ECA31 /* FabricaHeaderFooterSecciones.m */ = {isa = PBXFileReference; fileEncoding = 4; lastKnownFileType = sourcecode.c.objc; path = FabricaHeaderFooterSecciones.m; sourceTree = "<group>"; };
		4573B317184F6BEF006ECA31 /* SectionElement.h */ = {isa = PBXFileReference; fileEncoding = 4; lastKnownFileType = sourcecode.c.h; path = SectionElement.h; sourceTree = "<group>"; };
		4573B318184F6BEF006ECA31 /* SectionElement.m */ = {isa = PBXFileReference; fileEncoding = 4; lastKnownFileType = sourcecode.c.objc; path = SectionElement.m; sourceTree = "<group>"; };
		4573B319184F6BEF006ECA31 /* TVFramework.h */ = {isa = PBXFileReference; fileEncoding = 4; lastKnownFileType = sourcecode.c.h; path = TVFramework.h; sourceTree = "<group>"; };
		4573B327184F6CF6006ECA31 /* ASIAuthenticationDialog.h */ = {isa = PBXFileReference; fileEncoding = 4; lastKnownFileType = sourcecode.c.h; path = ASIAuthenticationDialog.h; sourceTree = "<group>"; };
		4573B328184F6CF6006ECA31 /* ASIAuthenticationDialog.m */ = {isa = PBXFileReference; fileEncoding = 4; lastKnownFileType = sourcecode.c.objc; path = ASIAuthenticationDialog.m; sourceTree = "<group>"; };
		4573B329184F6CF6006ECA31 /* ASICacheDelegate.h */ = {isa = PBXFileReference; fileEncoding = 4; lastKnownFileType = sourcecode.c.h; path = ASICacheDelegate.h; sourceTree = "<group>"; };
		4573B32A184F6CF6006ECA31 /* ASIDataCompressor.h */ = {isa = PBXFileReference; fileEncoding = 4; lastKnownFileType = sourcecode.c.h; path = ASIDataCompressor.h; sourceTree = "<group>"; };
		4573B32B184F6CF6006ECA31 /* ASIDataCompressor.m */ = {isa = PBXFileReference; fileEncoding = 4; lastKnownFileType = sourcecode.c.objc; path = ASIDataCompressor.m; sourceTree = "<group>"; };
		4573B32C184F6CF6006ECA31 /* ASIDataDecompressor.h */ = {isa = PBXFileReference; fileEncoding = 4; lastKnownFileType = sourcecode.c.h; path = ASIDataDecompressor.h; sourceTree = "<group>"; };
		4573B32D184F6CF6006ECA31 /* ASIDataDecompressor.m */ = {isa = PBXFileReference; fileEncoding = 4; lastKnownFileType = sourcecode.c.objc; path = ASIDataDecompressor.m; sourceTree = "<group>"; };
		4573B32E184F6CF6006ECA31 /* ASIDownloadCache.h */ = {isa = PBXFileReference; fileEncoding = 4; lastKnownFileType = sourcecode.c.h; path = ASIDownloadCache.h; sourceTree = "<group>"; };
		4573B32F184F6CF6006ECA31 /* ASIDownloadCache.m */ = {isa = PBXFileReference; fileEncoding = 4; lastKnownFileType = sourcecode.c.objc; path = ASIDownloadCache.m; sourceTree = "<group>"; };
		4573B330184F6CF6006ECA31 /* ASIFormDataRequest.h */ = {isa = PBXFileReference; fileEncoding = 4; lastKnownFileType = sourcecode.c.h; path = ASIFormDataRequest.h; sourceTree = "<group>"; };
		4573B331184F6CF6006ECA31 /* ASIFormDataRequest.m */ = {isa = PBXFileReference; fileEncoding = 4; lastKnownFileType = sourcecode.c.objc; path = ASIFormDataRequest.m; sourceTree = "<group>"; };
		4573B332184F6CF6006ECA31 /* ASIHTTPRequest.h */ = {isa = PBXFileReference; fileEncoding = 4; lastKnownFileType = sourcecode.c.h; path = ASIHTTPRequest.h; sourceTree = "<group>"; };
		4573B333184F6CF6006ECA31 /* ASIHTTPRequest.m */ = {isa = PBXFileReference; fileEncoding = 4; lastKnownFileType = sourcecode.c.objc; path = ASIHTTPRequest.m; sourceTree = "<group>"; };
		4573B334184F6CF6006ECA31 /* ASIHTTPRequestConfig.h */ = {isa = PBXFileReference; fileEncoding = 4; lastKnownFileType = sourcecode.c.h; path = ASIHTTPRequestConfig.h; sourceTree = "<group>"; };
		4573B335184F6CF6006ECA31 /* ASIHTTPRequestDelegate.h */ = {isa = PBXFileReference; fileEncoding = 4; lastKnownFileType = sourcecode.c.h; path = ASIHTTPRequestDelegate.h; sourceTree = "<group>"; };
		4573B336184F6CF6006ECA31 /* ASIInputStream.h */ = {isa = PBXFileReference; fileEncoding = 4; lastKnownFileType = sourcecode.c.h; path = ASIInputStream.h; sourceTree = "<group>"; };
		4573B337184F6CF6006ECA31 /* ASIInputStream.m */ = {isa = PBXFileReference; fileEncoding = 4; lastKnownFileType = sourcecode.c.objc; path = ASIInputStream.m; sourceTree = "<group>"; };
		4573B338184F6CF6006ECA31 /* ASINetworkQueue.h */ = {isa = PBXFileReference; fileEncoding = 4; lastKnownFileType = sourcecode.c.h; path = ASINetworkQueue.h; sourceTree = "<group>"; };
		4573B339184F6CF6006ECA31 /* ASINetworkQueue.m */ = {isa = PBXFileReference; fileEncoding = 4; lastKnownFileType = sourcecode.c.objc; path = ASINetworkQueue.m; sourceTree = "<group>"; };
		4573B33A184F6CF6006ECA31 /* ASIProgressDelegate.h */ = {isa = PBXFileReference; fileEncoding = 4; lastKnownFileType = sourcecode.c.h; path = ASIProgressDelegate.h; sourceTree = "<group>"; };
		4573B343184F6D84006ECA31 /* libz.dylib */ = {isa = PBXFileReference; lastKnownFileType = "compiled.mach-o.dylib"; name = libz.dylib; path = usr/lib/libz.dylib; sourceTree = SDKROOT; };
		4573B345184F6D8F006ECA31 /* CFNetwork.framework */ = {isa = PBXFileReference; lastKnownFileType = wrapper.framework; name = CFNetwork.framework; path = System/Library/Frameworks/CFNetwork.framework; sourceTree = SDKROOT; };
		4573B347184F6D97006ECA31 /* SystemConfiguration.framework */ = {isa = PBXFileReference; lastKnownFileType = wrapper.framework; name = SystemConfiguration.framework; path = System/Library/Frameworks/SystemConfiguration.framework; sourceTree = SDKROOT; };
		4573B349184F6DA0006ECA31 /* MobileCoreServices.framework */ = {isa = PBXFileReference; lastKnownFileType = wrapper.framework; name = MobileCoreServices.framework; path = System/Library/Frameworks/MobileCoreServices.framework; sourceTree = SDKROOT; };
		4573B34C184F6EB4006ECA31 /* ContainerLoginViewController.h */ = {isa = PBXFileReference; fileEncoding = 4; lastKnownFileType = sourcecode.c.h; path = ContainerLoginViewController.h; sourceTree = "<group>"; };
		4573B34D184F6EB4006ECA31 /* ContainerLoginViewController.m */ = {isa = PBXFileReference; fileEncoding = 4; lastKnownFileType = sourcecode.c.objc; path = ContainerLoginViewController.m; sourceTree = "<group>"; };
		4573B358184F7810006ECA31 /* HTAutocompleteManager.h */ = {isa = PBXFileReference; fileEncoding = 4; lastKnownFileType = sourcecode.c.h; path = HTAutocompleteManager.h; sourceTree = "<group>"; };
		4573B359184F7810006ECA31 /* HTAutocompleteManager.m */ = {isa = PBXFileReference; fileEncoding = 4; lastKnownFileType = sourcecode.c.objc; path = HTAutocompleteManager.m; sourceTree = "<group>"; };
		4573B35A184F7810006ECA31 /* HTAutocompleteTextField.h */ = {isa = PBXFileReference; fileEncoding = 4; lastKnownFileType = sourcecode.c.h; path = HTAutocompleteTextField.h; sourceTree = "<group>"; };
		4573B35B184F7810006ECA31 /* HTAutocompleteTextField.m */ = {isa = PBXFileReference; fileEncoding = 4; lastKnownFileType = sourcecode.c.objc; path = HTAutocompleteTextField.m; sourceTree = "<group>"; };
		4573B35C184F7810006ECA31 /* HTEmailAutocompleteTextField.h */ = {isa = PBXFileReference; fileEncoding = 4; lastKnownFileType = sourcecode.c.h; path = HTEmailAutocompleteTextField.h; sourceTree = "<group>"; };
		4573B35D184F7810006ECA31 /* HTEmailAutocompleteTextField.m */ = {isa = PBXFileReference; fileEncoding = 4; lastKnownFileType = sourcecode.c.objc; path = HTEmailAutocompleteTextField.m; sourceTree = "<group>"; };
		4573B361184F7972006ECA31 /* LoginViewController.h */ = {isa = PBXFileReference; fileEncoding = 4; lastKnownFileType = sourcecode.c.h; path = LoginViewController.h; sourceTree = "<group>"; };
		4573B362184F7972006ECA31 /* LoginViewController.m */ = {isa = PBXFileReference; fileEncoding = 4; lastKnownFileType = sourcecode.c.objc; path = LoginViewController.m; sourceTree = "<group>"; };
		4573B364184F798B006ECA31 /* LoginiPhoneViewController.h */ = {isa = PBXFileReference; fileEncoding = 4; lastKnownFileType = sourcecode.c.h; path = LoginiPhoneViewController.h; sourceTree = "<group>"; };
		4573B365184F798B006ECA31 /* LoginiPhoneViewController.m */ = {isa = PBXFileReference; fileEncoding = 4; lastKnownFileType = sourcecode.c.objc; path = LoginiPhoneViewController.m; sourceTree = "<group>"; };
		4573B367184F7996006ECA31 /* LoginiPadViewController.h */ = {isa = PBXFileReference; fileEncoding = 4; lastKnownFileType = sourcecode.c.h; path = LoginiPadViewController.h; sourceTree = "<group>"; };
		4573B368184F7996006ECA31 /* LoginiPadViewController.m */ = {isa = PBXFileReference; fileEncoding = 4; lastKnownFileType = sourcecode.c.objc; path = LoginiPadViewController.m; sourceTree = "<group>"; };
		4573B36C184F7E4C006ECA31 /* en */ = {isa = PBXFileReference; lastKnownFileType = text.plist.strings; name = en; path = InfoPlist.strings; sourceTree = "<group>"; };
		4573B36E184F7E4C006ECA31 /* en */ = {isa = PBXFileReference; lastKnownFileType = text.plist.strings; name = en; path = Localizable.strings; sourceTree = "<group>"; };
		4573B371184F7E4C006ECA31 /* es */ = {isa = PBXFileReference; lastKnownFileType = text.plist.strings; name = es; path = InfoPlist.strings; sourceTree = "<group>"; };
		4573B373184F7E4C006ECA31 /* es */ = {isa = PBXFileReference; lastKnownFileType = text.plist.strings; name = es; path = Localizable.strings; sourceTree = "<group>"; };
		45C050F11850DB4B00A46B75 /* LoginInputViewController.h */ = {isa = PBXFileReference; fileEncoding = 4; lastKnownFileType = sourcecode.c.h; path = LoginInputViewController.h; sourceTree = "<group>"; };
		45C050F21850DB4B00A46B75 /* LoginInputViewController.m */ = {isa = PBXFileReference; fileEncoding = 4; lastKnownFileType = sourcecode.c.objc; path = LoginInputViewController.m; sourceTree = "<group>"; };
		45C050F41850E83300A46B75 /* LoginLogoViewController.h */ = {isa = PBXFileReference; fileEncoding = 4; lastKnownFileType = sourcecode.c.h; path = LoginLogoViewController.h; sourceTree = "<group>"; };
		45C050F51850E83300A46B75 /* LoginLogoViewController.m */ = {isa = PBXFileReference; fileEncoding = 4; lastKnownFileType = sourcecode.c.objc; path = LoginLogoViewController.m; sourceTree = "<group>"; };
		45C050F71850EBE800A46B75 /* logoSeriesly375x375@2x.png */ = {isa = PBXFileReference; lastKnownFileType = image.png; path = "logoSeriesly375x375@2x.png"; sourceTree = "<group>"; };
		45C050FA1850F5BD00A46B75 /* ContainerPerfilViewController.h */ = {isa = PBXFileReference; fileEncoding = 4; lastKnownFileType = sourcecode.c.h; path = ContainerPerfilViewController.h; sourceTree = "<group>"; };
		45C050FB1850F5BD00A46B75 /* ContainerPerfilViewController.m */ = {isa = PBXFileReference; fileEncoding = 4; lastKnownFileType = sourcecode.c.objc; path = ContainerPerfilViewController.m; sourceTree = "<group>"; };
		45C050FD1850F9F700A46B75 /* navBar.png */ = {isa = PBXFileReference; lastKnownFileType = image.png; path = navBar.png; sourceTree = "<group>"; };
		45C050FE1850F9F700A46B75 /* navBar@2x.png */ = {isa = PBXFileReference; lastKnownFileType = image.png; path = "navBar@2x.png"; sourceTree = "<group>"; };
		45C051011850FB4100A46B75 /* perfil.png */ = {isa = PBXFileReference; lastKnownFileType = image.png; path = perfil.png; sourceTree = "<group>"; };
		45C051021850FB4100A46B75 /* perfil@2x.png */ = {isa = PBXFileReference; lastKnownFileType = image.png; path = "perfil@2x.png"; sourceTree = "<group>"; };
		45C051051850FC1500A46B75 /* perfilUnselected.png */ = {isa = PBXFileReference; lastKnownFileType = image.png; path = perfilUnselected.png; sourceTree = "<group>"; };
		45C051061850FC1500A46B75 /* perfilUnselected@2x.png */ = {isa = PBXFileReference; lastKnownFileType = image.png; path = "perfilUnselected@2x.png"; sourceTree = "<group>"; };
		45C051091850FD5C00A46B75 /* tabBar.png */ = {isa = PBXFileReference; lastKnownFileType = image.png; path = tabBar.png; sourceTree = "<group>"; };
		45C0510A1850FD5C00A46B75 /* tabBar@2x.png */ = {isa = PBXFileReference; lastKnownFileType = image.png; path = "tabBar@2x.png"; sourceTree = "<group>"; };
		45C0510D1850FF5100A46B75 /* backButton.png */ = {isa = PBXFileReference; lastKnownFileType = image.png; path = backButton.png; sourceTree = "<group>"; };
		45C0510E1850FF5100A46B75 /* backButton@2x.png */ = {isa = PBXFileReference; lastKnownFileType = image.png; path = "backButton@2x.png"; sourceTree = "<group>"; };
		45C051151851008800A46B75 /* User.h */ = {isa = PBXFileReference; fileEncoding = 4; lastKnownFileType = sourcecode.c.h; path = User.h; sourceTree = "<group>"; };
		45C051161851008800A46B75 /* User.m */ = {isa = PBXFileReference; fileEncoding = 4; lastKnownFileType = sourcecode.c.objc; path = User.m; sourceTree = "<group>"; };
/* End PBXFileReference section */

/* Begin PBXFrameworksBuildPhase section */
		4538BA4A184F633300D32205 /* Frameworks */ = {
			isa = PBXFrameworksBuildPhase;
			buildActionMask = 2147483647;
			files = (
				4573B34A184F6DA0006ECA31 /* MobileCoreServices.framework in Frameworks */,
				4573B348184F6D97006ECA31 /* SystemConfiguration.framework in Frameworks */,
				4573B346184F6D8F006ECA31 /* CFNetwork.framework in Frameworks */,
				4573B344184F6D84006ECA31 /* libz.dylib in Frameworks */,
				4538BA53184F633400D32205 /* CoreGraphics.framework in Frameworks */,
				4538BA55184F633400D32205 /* UIKit.framework in Frameworks */,
				4538BA51184F633400D32205 /* Foundation.framework in Frameworks */,
			);
			runOnlyForDeploymentPostprocessing = 0;
		};
		4538BA65184F633400D32205 /* Frameworks */ = {
			isa = PBXFrameworksBuildPhase;
			buildActionMask = 2147483647;
			files = (
				4538BA6A184F633400D32205 /* XCTest.framework in Frameworks */,
				4538BA6C184F633400D32205 /* UIKit.framework in Frameworks */,
				4538BA6B184F633400D32205 /* Foundation.framework in Frameworks */,
			);
			runOnlyForDeploymentPostprocessing = 0;
		};
/* End PBXFrameworksBuildPhase section */

/* Begin PBXGroup section */
		4505F78918538FE800A01CB2 /* UIImage + stackblur */ = {
			isa = PBXGroup;
			children = (
				4505F78A18538FE800A01CB2 /* UIImage+StackBlur.h */,
				4505F78B18538FE800A01CB2 /* UIImage+StackBlur.m */,
			);
			path = "UIImage + stackblur";
			sourceTree = "<group>";
		};
		4538BA44184F633300D32205 = {
			isa = PBXGroup;
			children = (
				4538BA56184F633400D32205 /* Series.ly */,
				4538BA6F184F633400D32205 /* Series.lyTests */,
				4538BA4F184F633400D32205 /* Frameworks */,
				4538BA4E184F633400D32205 /* Products */,
			);
			sourceTree = "<group>";
		};
		4538BA4E184F633400D32205 /* Products */ = {
			isa = PBXGroup;
			children = (
				4538BA4D184F633400D32205 /* Series.ly.app */,
				4538BA68184F633400D32205 /* Series.lyTests.xctest */,
			);
			name = Products;
			sourceTree = "<group>";
		};
		4538BA4F184F633400D32205 /* Frameworks */ = {
			isa = PBXGroup;
			children = (
				4573B349184F6DA0006ECA31 /* MobileCoreServices.framework */,
				4573B347184F6D97006ECA31 /* SystemConfiguration.framework */,
				4573B345184F6D8F006ECA31 /* CFNetwork.framework */,
				4573B343184F6D84006ECA31 /* libz.dylib */,
				4538BA50184F633400D32205 /* Foundation.framework */,
				4538BA52184F633400D32205 /* CoreGraphics.framework */,
				4538BA54184F633400D32205 /* UIKit.framework */,
				4538BA69184F633400D32205 /* XCTest.framework */,
			);
			name = Frameworks;
			sourceTree = "<group>";
		};
		4538BA56184F633400D32205 /* Series.ly */ = {
			isa = PBXGroup;
			children = (
				4538BA5F184F633400D32205 /* AppDelegate.h */,
				4538BA60184F633400D32205 /* AppDelegate.m */,
				4573B2CF184F67CD006ECA31 /* Clases */,
				4573B2D0184F67CD006ECA31 /* Frameworks */,
				4573B2D1184F67CD006ECA31 /* Imagenes */,
				4538BA62184F633400D32205 /* Images.xcassets */,
				4538BA57184F633400D32205 /* Supporting Files */,
			);
			path = Series.ly;
			sourceTree = "<group>";
		};
		4538BA57184F633400D32205 /* Supporting Files */ = {
			isa = PBXGroup;
			children = (
				4573B36A184F7E4C006ECA31 /* en.lproj */,
				4573B36F184F7E4C006ECA31 /* es.lproj */,
				4538BA58184F633400D32205 /* Series.ly-Info.plist */,
				4538BA5C184F633400D32205 /* main.m */,
				4538BA5E184F633400D32205 /* Series.ly-Prefix.pch */,
			);
			name = "Supporting Files";
			sourceTree = "<group>";
		};
		4538BA6F184F633400D32205 /* Series.lyTests */ = {
			isa = PBXGroup;
			children = (
				4538BA75184F633400D32205 /* Series_lyTests.m */,
				4538BA70184F633400D32205 /* Supporting Files */,
			);
			path = Series.lyTests;
			sourceTree = "<group>";
		};
		4538BA70184F633400D32205 /* Supporting Files */ = {
			isa = PBXGroup;
			children = (
				4538BA71184F633400D32205 /* Series.lyTests-Info.plist */,
				4538BA72184F633400D32205 /* InfoPlist.strings */,
			);
			name = "Supporting Files";
			sourceTree = "<group>";
		};
		45560790184F8A7800CA7E10 /* ManejadorServicioWeb */ = {
			isa = PBXGroup;
			children = (
				45560791184F8A9400CA7E10 /* ManejadorServicioWebSeriesLy.h */,
				45560792184F8A9400CA7E10 /* ManejadorServicioWebSeriesLy.m */,
			);
			path = ManejadorServicioWeb;
			sourceTree = "<group>";
		};
		45560794184F8CE100CA7E10 /* Credentials */ = {
			isa = PBXGroup;
			children = (
				45560795184F8CE100CA7E10 /* AuthToken.h */,
				45560796184F8CE100CA7E10 /* AuthToken.m */,
				45560797184F8CE100CA7E10 /* UserCredentials.h */,
				45560798184F8CE100CA7E10 /* UserCredentials.m */,
				45560799184F8CE100CA7E10 /* UserToken.h */,
				4556079A184F8CE100CA7E10 /* UserToken.m */,
			);
			path = Credentials;
			sourceTree = "<group>";
		};
		4573B2CF184F67CD006ECA31 /* Clases */ = {
			isa = PBXGroup;
			children = (
				45C051111850FFC900A46B75 /* Buscar */,
				4573B2D4184F6992006ECA31 /* DataModel */,
				4573B34B184F6E8E006ECA31 /* Login */,
				45560790184F8A7800CA7E10 /* ManejadorServicioWeb */,
				45C051121850FFC900A46B75 /* Multimedia */,
				45C051131850FFC900A46B75 /* Noticias */,
				45C050F91850F5AF00A46B75 /* Perfil */,
				4573B2D5184F6992006ECA31 /* Tema */,
			);
			path = Clases;
			sourceTree = "<group>";
		};
		4573B2D0184F67CD006ECA31 /* Frameworks */ = {
			isa = PBXGroup;
			children = (
				4505F78918538FE800A01CB2 /* UIImage + stackblur */,
				4573B357184F7810006ECA31 /* HTAutocompleteTextField */,
				4573B326184F6CF6006ECA31 /* ASIHTTPRequest */,
				4573B306184F6BEF006ECA31 /* TableViewFrameworkClasses */,
				4573B2D9184F6B98006ECA31 /* LoadableClasses */,
			);
			path = Frameworks;
			sourceTree = "<group>";
		};
		4573B2D1184F67CD006ECA31 /* Imagenes */ = {
			isa = PBXGroup;
			children = (
				4505F78D185396D700A01CB2 /* photomissing.png */,
				45C0510D1850FF5100A46B75 /* backButton.png */,
				45C0510E1850FF5100A46B75 /* backButton@2x.png */,
				45C051091850FD5C00A46B75 /* tabBar.png */,
				45C0510A1850FD5C00A46B75 /* tabBar@2x.png */,
				45C051051850FC1500A46B75 /* perfilUnselected.png */,
				45C051061850FC1500A46B75 /* perfilUnselected@2x.png */,
				45C051011850FB4100A46B75 /* perfil.png */,
				45C051021850FB4100A46B75 /* perfil@2x.png */,
				45C050FD1850F9F700A46B75 /* navBar.png */,
				45C050FE1850F9F700A46B75 /* navBar@2x.png */,
				45C050F71850EBE800A46B75 /* logoSeriesly375x375@2x.png */,
				4556078C184F8A4100CA7E10 /* logo256x256.png */,
				4556078D184F8A4100CA7E10 /* logoSeriesly375x375.png */,
			);
			path = Imagenes;
			sourceTree = "<group>";
		};
		4573B2D4184F6992006ECA31 /* DataModel */ = {
			isa = PBXGroup;
			children = (
				45C051141851007A00A46B75 /* User */,
				4556079E184F8D4100CA7E10 /* MetaModel.h */,
				4556079F184F8D4100CA7E10 /* MetaModel.m */,
				45560794184F8CE100CA7E10 /* Credentials */,
			);
			path = DataModel;
			sourceTree = "<group>";
		};
		4573B2D5184F6992006ECA31 /* Tema */ = {
			isa = PBXGroup;
			children = (
				4573B2D6184F69A4006ECA31 /* TemaSeriesLy.h */,
			);
			path = Tema;
			sourceTree = "<group>";
		};
		4573B2D9184F6B98006ECA31 /* LoadableClasses */ = {
			isa = PBXGroup;
			children = (
				4573B2DA184F6B98006ECA31 /* LoadableViewController.h */,
				4573B2DB184F6B98006ECA31 /* LoadableViewController.m */,
				4573B2DC184F6B98006ECA31 /* LoadableWithSegmentedControlViewController.h */,
				4573B2DD184F6B98006ECA31 /* LoadableWithSegmentedControlViewController.m */,
				4573B2DE184F6B98006ECA31 /* LoadableWithTableViewController.h */,
				4573B2DF184F6B98006ECA31 /* LoadableWithTableViewController.m */,
				4573B2E0184F6B98006ECA31 /* LoadableWithTextFieldsForLoginViewController.h */,
				4573B2E1184F6B98006ECA31 /* LoadableWithTextFieldsForLoginViewController.m */,
				4573B2E2184F6B98006ECA31 /* ParentViewController.h */,
				4573B2E3184F6B98006ECA31 /* ParentViewController.m */,
				4573B2E4184F6B98006ECA31 /* RefreshableViewController.h */,
				4573B2E5184F6B98006ECA31 /* RefreshableViewController.m */,
				4573B2E6184F6B98006ECA31 /* RootViewController.h */,
				4573B2E7184F6B98006ECA31 /* RootViewController.m */,
				4573B2E8184F6B98006ECA31 /* Utilidades */,
			);
			path = LoadableClasses;
			sourceTree = "<group>";
		};
		4573B2E8184F6B98006ECA31 /* Utilidades */ = {
			isa = PBXGroup;
			children = (
				4573B2E9184F6B98006ECA31 /* ConstantsCustomSplitViewController.h */,
				4573B2EA184F6B98006ECA31 /* GeolocationManager.h */,
				4573B2EB184F6B98006ECA31 /* GeolocationManager.m */,
				4573B2EC184F6B98006ECA31 /* ImagenGrandeViewController.h */,
				4573B2ED184F6B98006ECA31 /* ImagenGrandeViewController.m */,
				4573B2F0184F6B98006ECA31 /* MemoryPrinter.h */,
				4573B2F1184F6B98006ECA31 /* MemoryPrinter.m */,
				4573B2F2184F6B98006ECA31 /* Reachability.h */,
				4573B2F3184F6B98006ECA31 /* Reachability.m */,
				4573B2F4184F6B98006ECA31 /* ScreenSizeManager.h */,
				4573B2F5184F6B98006ECA31 /* ScreenSizeManager.m */,
				4573B2F6184F6B98006ECA31 /* TratadorImagenes.h */,
				4573B2F7184F6B98006ECA31 /* TratadorImagenes.m */,
			);
			path = Utilidades;
			sourceTree = "<group>";
		};
		4573B306184F6BEF006ECA31 /* TableViewFrameworkClasses */ = {
			isa = PBXGroup;
			children = (
				4573B307184F6BEF006ECA31 /* CustomCell.h */,
				4573B308184F6BEF006ECA31 /* CustomCell.m */,
				4573B309184F6BEF006ECA31 /* CustomCellAppearance.h */,
				4573B30A184F6BEF006ECA31 /* CustomCellAppearance.m */,
				4573B30B184F6BEF006ECA31 /* CustomHeaderFooter.h */,
				4573B30C184F6BEF006ECA31 /* CustomHeaderFooter.m */,
				4573B30D184F6BEF006ECA31 /* CustomHeaderFooterAppearance.h */,
				4573B30E184F6BEF006ECA31 /* CustomHeaderFooterAppearance.m */,
				4573B30F184F6BEF006ECA31 /* CustomTableViewController.h */,
				4573B310184F6BEF006ECA31 /* CustomTableViewController.m */,
				4573B311184F6BEF006ECA31 /* CustomTableViewEditController.h */,
				4573B312184F6BEF006ECA31 /* CustomTableViewEditController.m */,
				4573B313184F6BEF006ECA31 /* FabricaCeldas.h */,
				4573B314184F6BEF006ECA31 /* FabricaCeldas.m */,
				4573B315184F6BEF006ECA31 /* FabricaHeaderFooterSecciones.h */,
				4573B316184F6BEF006ECA31 /* FabricaHeaderFooterSecciones.m */,
				4573B317184F6BEF006ECA31 /* SectionElement.h */,
				4573B318184F6BEF006ECA31 /* SectionElement.m */,
				4573B319184F6BEF006ECA31 /* TVFramework.h */,
			);
			path = TableViewFrameworkClasses;
			sourceTree = "<group>";
		};
		4573B326184F6CF6006ECA31 /* ASIHTTPRequest */ = {
			isa = PBXGroup;
			children = (
				4573B327184F6CF6006ECA31 /* ASIAuthenticationDialog.h */,
				4573B328184F6CF6006ECA31 /* ASIAuthenticationDialog.m */,
				4573B329184F6CF6006ECA31 /* ASICacheDelegate.h */,
				4573B32A184F6CF6006ECA31 /* ASIDataCompressor.h */,
				4573B32B184F6CF6006ECA31 /* ASIDataCompressor.m */,
				4573B32C184F6CF6006ECA31 /* ASIDataDecompressor.h */,
				4573B32D184F6CF6006ECA31 /* ASIDataDecompressor.m */,
				4573B32E184F6CF6006ECA31 /* ASIDownloadCache.h */,
				4573B32F184F6CF6006ECA31 /* ASIDownloadCache.m */,
				4573B330184F6CF6006ECA31 /* ASIFormDataRequest.h */,
				4573B331184F6CF6006ECA31 /* ASIFormDataRequest.m */,
				4573B332184F6CF6006ECA31 /* ASIHTTPRequest.h */,
				4573B333184F6CF6006ECA31 /* ASIHTTPRequest.m */,
				4573B334184F6CF6006ECA31 /* ASIHTTPRequestConfig.h */,
				4573B335184F6CF6006ECA31 /* ASIHTTPRequestDelegate.h */,
				4573B336184F6CF6006ECA31 /* ASIInputStream.h */,
				4573B337184F6CF6006ECA31 /* ASIInputStream.m */,
				4573B338184F6CF6006ECA31 /* ASINetworkQueue.h */,
				4573B339184F6CF6006ECA31 /* ASINetworkQueue.m */,
				4573B33A184F6CF6006ECA31 /* ASIProgressDelegate.h */,
			);
			path = ASIHTTPRequest;
			sourceTree = "<group>";
		};
		4573B34B184F6E8E006ECA31 /* Login */ = {
			isa = PBXGroup;
			children = (
				4573B34C184F6EB4006ECA31 /* ContainerLoginViewController.h */,
				4573B34D184F6EB4006ECA31 /* ContainerLoginViewController.m */,
				4573B361184F7972006ECA31 /* LoginViewController.h */,
				4573B362184F7972006ECA31 /* LoginViewController.m */,
				4573B364184F798B006ECA31 /* LoginiPhoneViewController.h */,
				4573B365184F798B006ECA31 /* LoginiPhoneViewController.m */,
				4573B367184F7996006ECA31 /* LoginiPadViewController.h */,
				4573B368184F7996006ECA31 /* LoginiPadViewController.m */,
				45C050F11850DB4B00A46B75 /* LoginInputViewController.h */,
				45C050F21850DB4B00A46B75 /* LoginInputViewController.m */,
				45C050F41850E83300A46B75 /* LoginLogoViewController.h */,
				45C050F51850E83300A46B75 /* LoginLogoViewController.m */,
			);
			path = Login;
			sourceTree = "<group>";
		};
		4573B357184F7810006ECA31 /* HTAutocompleteTextField */ = {
			isa = PBXGroup;
			children = (
				4573B358184F7810006ECA31 /* HTAutocompleteManager.h */,
				4573B359184F7810006ECA31 /* HTAutocompleteManager.m */,
				4573B35A184F7810006ECA31 /* HTAutocompleteTextField.h */,
				4573B35B184F7810006ECA31 /* HTAutocompleteTextField.m */,
				4573B35C184F7810006ECA31 /* HTEmailAutocompleteTextField.h */,
				4573B35D184F7810006ECA31 /* HTEmailAutocompleteTextField.m */,
			);
			path = HTAutocompleteTextField;
			sourceTree = "<group>";
		};
		4573B36A184F7E4C006ECA31 /* en.lproj */ = {
			isa = PBXGroup;
			children = (
				4573B36B184F7E4C006ECA31 /* InfoPlist.strings */,
				4573B36D184F7E4C006ECA31 /* Localizable.strings */,
			);
			path = en.lproj;
			sourceTree = "<group>";
		};
		4573B36F184F7E4C006ECA31 /* es.lproj */ = {
			isa = PBXGroup;
			children = (
				4573B370184F7E4C006ECA31 /* InfoPlist.strings */,
				4573B372184F7E4C006ECA31 /* Localizable.strings */,
			);
			path = es.lproj;
			sourceTree = "<group>";
		};
		45C050F91850F5AF00A46B75 /* Perfil */ = {
			isa = PBXGroup;
			children = (
				45C050FA1850F5BD00A46B75 /* ContainerPerfilViewController.h */,
				45C050FB1850F5BD00A46B75 /* ContainerPerfilViewController.m */,
				4505F78318538CDA00A01CB2 /* PerfilViewController.h */,
				4505F78418538CDA00A01CB2 /* PerfilViewController.m */,
				4505F78018538C2100A01CB2 /* AvatarViewController.h */,
				4505F78118538C2100A01CB2 /* AvatarViewController.m */,
			);
			path = Perfil;
			sourceTree = "<group>";
		};
		45C051111850FFC900A46B75 /* Buscar */ = {
			isa = PBXGroup;
			children = (
			);
			path = Buscar;
			sourceTree = "<group>";
		};
		45C051121850FFC900A46B75 /* Multimedia */ = {
			isa = PBXGroup;
			children = (
			);
			path = Multimedia;
			sourceTree = "<group>";
		};
		45C051131850FFC900A46B75 /* Noticias */ = {
			isa = PBXGroup;
			children = (
			);
			path = Noticias;
			sourceTree = "<group>";
		};
		45C051141851007A00A46B75 /* User */ = {
			isa = PBXGroup;
			children = (
				45C051151851008800A46B75 /* User.h */,
				45C051161851008800A46B75 /* User.m */,
			);
			path = User;
			sourceTree = "<group>";
		};
/* End PBXGroup section */

/* Begin PBXNativeTarget section */
		4538BA4C184F633300D32205 /* Series.ly */ = {
			isa = PBXNativeTarget;
			buildConfigurationList = 4538BA79184F633400D32205 /* Build configuration list for PBXNativeTarget "Series.ly" */;
			buildPhases = (
				4538BA49184F633300D32205 /* Sources */,
				4538BA4A184F633300D32205 /* Frameworks */,
				4538BA4B184F633300D32205 /* Resources */,
			);
			buildRules = (
			);
			dependencies = (
			);
			name = Series.ly;
			productName = Series.ly;
			productReference = 4538BA4D184F633400D32205 /* Series.ly.app */;
			productType = "com.apple.product-type.application";
		};
		4538BA67184F633400D32205 /* Series.lyTests */ = {
			isa = PBXNativeTarget;
			buildConfigurationList = 4538BA7C184F633400D32205 /* Build configuration list for PBXNativeTarget "Series.lyTests" */;
			buildPhases = (
				4538BA64184F633400D32205 /* Sources */,
				4538BA65184F633400D32205 /* Frameworks */,
				4538BA66184F633400D32205 /* Resources */,
			);
			buildRules = (
			);
			dependencies = (
				4538BA6E184F633400D32205 /* PBXTargetDependency */,
			);
			name = Series.lyTests;
			productName = Series.lyTests;
			productReference = 4538BA68184F633400D32205 /* Series.lyTests.xctest */;
			productType = "com.apple.product-type.bundle.unit-test";
		};
/* End PBXNativeTarget section */

/* Begin PBXProject section */
		4538BA45184F633300D32205 /* Project object */ = {
			isa = PBXProject;
			attributes = {
				LastUpgradeCheck = 0500;
				ORGANIZATIONNAME = Lorenzov;
				TargetAttributes = {
					4538BA67184F633400D32205 = {
						TestTargetID = 4538BA4C184F633300D32205;
					};
				};
			};
			buildConfigurationList = 4538BA48184F633300D32205 /* Build configuration list for PBXProject "Series.ly" */;
			compatibilityVersion = "Xcode 3.2";
			developmentRegion = English;
			hasScannedForEncodings = 0;
			knownRegions = (
				en,
				es,
			);
			mainGroup = 4538BA44184F633300D32205;
			productRefGroup = 4538BA4E184F633400D32205 /* Products */;
			projectDirPath = "";
			projectRoot = "";
			targets = (
				4538BA4C184F633300D32205 /* Series.ly */,
				4538BA67184F633400D32205 /* Series.lyTests */,
			);
		};
/* End PBXProject section */

/* Begin PBXResourcesBuildPhase section */
		4538BA4B184F633300D32205 /* Resources */ = {
			isa = PBXResourcesBuildPhase;
			buildActionMask = 2147483647;
			files = (
				4573B377184F7E4C006ECA31 /* Localizable.strings in Resources */,
				45C051101850FF5100A46B75 /* backButton@2x.png in Resources */,
				4538BA63184F633400D32205 /* Images.xcassets in Resources */,
				45C051031850FB4100A46B75 /* perfil.png in Resources */,
				45C051071850FC1500A46B75 /* perfilUnselected.png in Resources */,
				4556078F184F8A4100CA7E10 /* logoSeriesly375x375.png in Resources */,
				45C051041850FB4100A46B75 /* perfil@2x.png in Resources */,
				45C0510C1850FD5C00A46B75 /* tabBar@2x.png in Resources */,
				4573B376184F7E4C006ECA31 /* InfoPlist.strings in Resources */,
				45C050FF1850F9F700A46B75 /* navBar.png in Resources */,
				4573B375184F7E4C006ECA31 /* Localizable.strings in Resources */,
				4573B374184F7E4C006ECA31 /* InfoPlist.strings in Resources */,
				45C0510B1850FD5C00A46B75 /* tabBar.png in Resources */,
				45C050F81850EBE800A46B75 /* logoSeriesly375x375@2x.png in Resources */,
				4505F78E185396D700A01CB2 /* photomissing.png in Resources */,
				45C051001850F9F700A46B75 /* navBar@2x.png in Resources */,
				45C0510F1850FF5100A46B75 /* backButton.png in Resources */,
				45C051081850FC1500A46B75 /* perfilUnselected@2x.png in Resources */,
				4556078E184F8A4100CA7E10 /* logo256x256.png in Resources */,
			);
			runOnlyForDeploymentPostprocessing = 0;
		};
		4538BA66184F633400D32205 /* Resources */ = {
			isa = PBXResourcesBuildPhase;
			buildActionMask = 2147483647;
			files = (
				4538BA74184F633400D32205 /* InfoPlist.strings in Resources */,
			);
			runOnlyForDeploymentPostprocessing = 0;
		};
/* End PBXResourcesBuildPhase section */

/* Begin PBXSourcesBuildPhase section */
		4538BA49184F633300D32205 /* Sources */ = {
			isa = PBXSourcesBuildPhase;
			buildActionMask = 2147483647;
			files = (
				4573B369184F7996006ECA31 /* LoginiPadViewController.m in Sources */,
				45C050F61850E83300A46B75 /* LoginLogoViewController.m in Sources */,
				45C050F31850DB4B00A46B75 /* LoginInputViewController.m in Sources */,
				4573B2FD184F6B98006ECA31 /* RefreshableViewController.m in Sources */,
				4573B31E184F6BEF006ECA31 /* CustomTableViewController.m in Sources */,
				4556079C184F8CE100CA7E10 /* UserCredentials.m in Sources */,
				4573B363184F7972006ECA31 /* LoginViewController.m in Sources */,
				4538BA61184F633400D32205 /* AppDelegate.m in Sources */,
				4573B31B184F6BEF006ECA31 /* CustomCellAppearance.m in Sources */,
				4573B31F184F6BEF006ECA31 /* CustomTableViewEditController.m in Sources */,
				4573B33D184F6CF6006ECA31 /* ASIDataDecompressor.m in Sources */,
				4573B33E184F6CF6006ECA31 /* ASIDownloadCache.m in Sources */,
				4538BA5D184F633400D32205 /* main.m in Sources */,
				4573B302184F6B98006ECA31 /* MemoryPrinter.m in Sources */,
				4573B34E184F6EB4006ECA31 /* ContainerLoginViewController.m in Sources */,
				4573B31C184F6BEF006ECA31 /* CustomHeaderFooter.m in Sources */,
				4573B341184F6CF6006ECA31 /* ASIInputStream.m in Sources */,
				4573B33C184F6CF6006ECA31 /* ASIDataCompressor.m in Sources */,
				4573B2FC184F6B98006ECA31 /* ParentViewController.m in Sources */,
				4573B31D184F6BEF006ECA31 /* CustomHeaderFooterAppearance.m in Sources */,
				4573B2FF184F6B98006ECA31 /* GeolocationManager.m in Sources */,
				4573B305184F6B98006ECA31 /* TratadorImagenes.m in Sources */,
				4573B2FB184F6B98006ECA31 /* LoadableWithTextFieldsForLoginViewController.m in Sources */,
				45560793184F8A9400CA7E10 /* ManejadorServicioWebSeriesLy.m in Sources */,
				4505F78C18538FE800A01CB2 /* UIImage+StackBlur.m in Sources */,
				4573B33F184F6CF6006ECA31 /* ASIFormDataRequest.m in Sources */,
				4573B35E184F7810006ECA31 /* HTAutocompleteManager.m in Sources */,
				4573B340184F6CF6006ECA31 /* ASIHTTPRequest.m in Sources */,
				4505F78218538C2100A01CB2 /* AvatarViewController.m in Sources */,
				4573B2FE184F6B98006ECA31 /* RootViewController.m in Sources */,
				4556079D184F8CE100CA7E10 /* UserToken.m in Sources */,
				4573B304184F6B98006ECA31 /* ScreenSizeManager.m in Sources */,
				4573B2FA184F6B98006ECA31 /* LoadableWithTableViewController.m in Sources */,
				4573B35F184F7810006ECA31 /* HTAutocompleteTextField.m in Sources */,
				45C051171851008800A46B75 /* User.m in Sources */,
				4573B320184F6BEF006ECA31 /* FabricaCeldas.m in Sources */,
				4573B303184F6B98006ECA31 /* Reachability.m in Sources */,
				4505F78518538CDA00A01CB2 /* PerfilViewController.m in Sources */,
				4573B342184F6CF6006ECA31 /* ASINetworkQueue.m in Sources */,
				4556079B184F8CE100CA7E10 /* AuthToken.m in Sources */,
				4573B2F8184F6B98006ECA31 /* LoadableViewController.m in Sources */,
				4573B322184F6BEF006ECA31 /* SectionElement.m in Sources */,
				4573B300184F6B98006ECA31 /* ImagenGrandeViewController.m in Sources */,
				4573B366184F798B006ECA31 /* LoginiPhoneViewController.m in Sources */,
				4573B321184F6BEF006ECA31 /* FabricaHeaderFooterSecciones.m in Sources */,
				4573B33B184F6CF6006ECA31 /* ASIAuthenticationDialog.m in Sources */,
				4573B360184F7810006ECA31 /* HTEmailAutocompleteTextField.m in Sources */,
				45C050FC1850F5BD00A46B75 /* ContainerPerfilViewController.m in Sources */,
				4573B2F9184F6B98006ECA31 /* LoadableWithSegmentedControlViewController.m in Sources */,
				455607A0184F8D4200CA7E10 /* MetaModel.m in Sources */,
				4573B31A184F6BEF006ECA31 /* CustomCell.m in Sources */,
			);
			runOnlyForDeploymentPostprocessing = 0;
		};
		4538BA64184F633400D32205 /* Sources */ = {
			isa = PBXSourcesBuildPhase;
			buildActionMask = 2147483647;
			files = (
				4538BA76184F633400D32205 /* Series_lyTests.m in Sources */,
			);
			runOnlyForDeploymentPostprocessing = 0;
		};
/* End PBXSourcesBuildPhase section */

/* Begin PBXTargetDependency section */
		4538BA6E184F633400D32205 /* PBXTargetDependency */ = {
			isa = PBXTargetDependency;
			target = 4538BA4C184F633300D32205 /* Series.ly */;
			targetProxy = 4538BA6D184F633400D32205 /* PBXContainerItemProxy */;
		};
/* End PBXTargetDependency section */

/* Begin PBXVariantGroup section */
		4538BA72184F633400D32205 /* InfoPlist.strings */ = {
			isa = PBXVariantGroup;
			children = (
				4538BA73184F633400D32205 /* en */,
			);
			name = InfoPlist.strings;
			sourceTree = "<group>";
		};
		4573B36B184F7E4C006ECA31 /* InfoPlist.strings */ = {
			isa = PBXVariantGroup;
			children = (
				4573B36C184F7E4C006ECA31 /* en */,
			);
			name = InfoPlist.strings;
			sourceTree = "<group>";
		};
		4573B36D184F7E4C006ECA31 /* Localizable.strings */ = {
			isa = PBXVariantGroup;
			children = (
				4573B36E184F7E4C006ECA31 /* en */,
			);
			name = Localizable.strings;
			sourceTree = "<group>";
		};
		4573B370184F7E4C006ECA31 /* InfoPlist.strings */ = {
			isa = PBXVariantGroup;
			children = (
				4573B371184F7E4C006ECA31 /* es */,
			);
			name = InfoPlist.strings;
			sourceTree = "<group>";
		};
		4573B372184F7E4C006ECA31 /* Localizable.strings */ = {
			isa = PBXVariantGroup;
			children = (
				4573B373184F7E4C006ECA31 /* es */,
			);
			name = Localizable.strings;
			sourceTree = "<group>";
		};
/* End PBXVariantGroup section */

/* Begin XCBuildConfiguration section */
		4538BA77184F633400D32205 /* Debug */ = {
			isa = XCBuildConfiguration;
			buildSettings = {
				ALWAYS_SEARCH_USER_PATHS = NO;
				ARCHS = "$(ARCHS_STANDARD_INCLUDING_64_BIT)";
				CLANG_CXX_LANGUAGE_STANDARD = "gnu++0x";
				CLANG_CXX_LIBRARY = "libc++";
				CLANG_ENABLE_MODULES = YES;
				CLANG_ENABLE_OBJC_ARC = YES;
				CLANG_WARN_BOOL_CONVERSION = YES;
				CLANG_WARN_CONSTANT_CONVERSION = YES;
				CLANG_WARN_DIRECT_OBJC_ISA_USAGE = YES_ERROR;
				CLANG_WARN_EMPTY_BODY = YES;
				CLANG_WARN_ENUM_CONVERSION = YES;
				CLANG_WARN_INT_CONVERSION = YES;
				CLANG_WARN_OBJC_ROOT_CLASS = YES_ERROR;
				CLANG_WARN__DUPLICATE_METHOD_MATCH = YES;
				"CODE_SIGN_IDENTITY[sdk=iphoneos*]" = "iPhone Developer";
				COPY_PHASE_STRIP = NO;
				GCC_C_LANGUAGE_STANDARD = gnu99;
				GCC_DYNAMIC_NO_PIC = NO;
				GCC_OPTIMIZATION_LEVEL = 0;
				GCC_PREPROCESSOR_DEFINITIONS = (
					"DEBUG=1",
					"$(inherited)",
				);
				GCC_SYMBOLS_PRIVATE_EXTERN = NO;
				GCC_WARN_64_TO_32_BIT_CONVERSION = YES;
				GCC_WARN_ABOUT_RETURN_TYPE = YES_ERROR;
				GCC_WARN_UNDECLARED_SELECTOR = YES;
				GCC_WARN_UNINITIALIZED_AUTOS = YES;
				GCC_WARN_UNUSED_FUNCTION = YES;
				GCC_WARN_UNUSED_VARIABLE = YES;
				IPHONEOS_DEPLOYMENT_TARGET = 7.0;
				ONLY_ACTIVE_ARCH = YES;
				SDKROOT = iphoneos;
				TARGETED_DEVICE_FAMILY = "1,2";
			};
			name = Debug;
		};
		4538BA78184F633400D32205 /* Release */ = {
			isa = XCBuildConfiguration;
			buildSettings = {
				ALWAYS_SEARCH_USER_PATHS = NO;
				ARCHS = "$(ARCHS_STANDARD_INCLUDING_64_BIT)";
				CLANG_CXX_LANGUAGE_STANDARD = "gnu++0x";
				CLANG_CXX_LIBRARY = "libc++";
				CLANG_ENABLE_MODULES = YES;
				CLANG_ENABLE_OBJC_ARC = YES;
				CLANG_WARN_BOOL_CONVERSION = YES;
				CLANG_WARN_CONSTANT_CONVERSION = YES;
				CLANG_WARN_DIRECT_OBJC_ISA_USAGE = YES_ERROR;
				CLANG_WARN_EMPTY_BODY = YES;
				CLANG_WARN_ENUM_CONVERSION = YES;
				CLANG_WARN_INT_CONVERSION = YES;
				CLANG_WARN_OBJC_ROOT_CLASS = YES_ERROR;
				CLANG_WARN__DUPLICATE_METHOD_MATCH = YES;
				"CODE_SIGN_IDENTITY[sdk=iphoneos*]" = "iPhone Developer";
				COPY_PHASE_STRIP = YES;
				ENABLE_NS_ASSERTIONS = NO;
				GCC_C_LANGUAGE_STANDARD = gnu99;
				GCC_WARN_64_TO_32_BIT_CONVERSION = YES;
				GCC_WARN_ABOUT_RETURN_TYPE = YES_ERROR;
				GCC_WARN_UNDECLARED_SELECTOR = YES;
				GCC_WARN_UNINITIALIZED_AUTOS = YES;
				GCC_WARN_UNUSED_FUNCTION = YES;
				GCC_WARN_UNUSED_VARIABLE = YES;
				IPHONEOS_DEPLOYMENT_TARGET = 7.0;
				SDKROOT = iphoneos;
				TARGETED_DEVICE_FAMILY = "1,2";
				VALIDATE_PRODUCT = YES;
			};
			name = Release;
		};
		4538BA7A184F633400D32205 /* Debug */ = {
			isa = XCBuildConfiguration;
			buildSettings = {
				ASSETCATALOG_COMPILER_APPICON_NAME = AppIcon;
				ASSETCATALOG_COMPILER_LAUNCHIMAGE_NAME = LaunchImage;
				CODE_SIGN_IDENTITY = "iPhone Developer";
				GCC_PRECOMPILE_PREFIX_HEADER = YES;
				GCC_PREFIX_HEADER = "Series.ly/Series.ly-Prefix.pch";
				INFOPLIST_FILE = "Series.ly/Series.ly-Info.plist";
				PRODUCT_NAME = "$(TARGET_NAME)";
				WRAPPER_EXTENSION = app;
			};
			name = Debug;
		};
		4538BA7B184F633400D32205 /* Release */ = {
			isa = XCBuildConfiguration;
			buildSettings = {
				ASSETCATALOG_COMPILER_APPICON_NAME = AppIcon;
				ASSETCATALOG_COMPILER_LAUNCHIMAGE_NAME = LaunchImage;
				CODE_SIGN_IDENTITY = "iPhone Developer";
				GCC_PRECOMPILE_PREFIX_HEADER = YES;
				GCC_PREFIX_HEADER = "Series.ly/Series.ly-Prefix.pch";
				INFOPLIST_FILE = "Series.ly/Series.ly-Info.plist";
				PRODUCT_NAME = "$(TARGET_NAME)";
				WRAPPER_EXTENSION = app;
			};
			name = Release;
		};
		4538BA7D184F633400D32205 /* Debug */ = {
			isa = XCBuildConfiguration;
			buildSettings = {
				ARCHS = "$(ARCHS_STANDARD_INCLUDING_64_BIT)";
				BUNDLE_LOADER = "$(BUILT_PRODUCTS_DIR)/Series.ly.app/Series.ly";
				FRAMEWORK_SEARCH_PATHS = (
					"$(SDKROOT)/Developer/Library/Frameworks",
					"$(inherited)",
					"$(DEVELOPER_FRAMEWORKS_DIR)",
				);
				GCC_PRECOMPILE_PREFIX_HEADER = YES;
				GCC_PREFIX_HEADER = "Series.ly/Series.ly-Prefix.pch";
				GCC_PREPROCESSOR_DEFINITIONS = (
					"DEBUG=1",
					"$(inherited)",
				);
				INFOPLIST_FILE = "Series.lyTests/Series.lyTests-Info.plist";
				PRODUCT_NAME = "$(TARGET_NAME)";
				TEST_HOST = "$(BUNDLE_LOADER)";
				WRAPPER_EXTENSION = xctest;
			};
			name = Debug;
		};
		4538BA7E184F633400D32205 /* Release */ = {
			isa = XCBuildConfiguration;
			buildSettings = {
				ARCHS = "$(ARCHS_STANDARD_INCLUDING_64_BIT)";
				BUNDLE_LOADER = "$(BUILT_PRODUCTS_DIR)/Series.ly.app/Series.ly";
				FRAMEWORK_SEARCH_PATHS = (
					"$(SDKROOT)/Developer/Library/Frameworks",
					"$(inherited)",
					"$(DEVELOPER_FRAMEWORKS_DIR)",
				);
				GCC_PRECOMPILE_PREFIX_HEADER = YES;
				GCC_PREFIX_HEADER = "Series.ly/Series.ly-Prefix.pch";
				INFOPLIST_FILE = "Series.lyTests/Series.lyTests-Info.plist";
				PRODUCT_NAME = "$(TARGET_NAME)";
				TEST_HOST = "$(BUNDLE_LOADER)";
				WRAPPER_EXTENSION = xctest;
			};
			name = Release;
		};
/* End XCBuildConfiguration section */

/* Begin XCConfigurationList section */
		4538BA48184F633300D32205 /* Build configuration list for PBXProject "Series.ly" */ = {
			isa = XCConfigurationList;
			buildConfigurations = (
				4538BA77184F633400D32205 /* Debug */,
				4538BA78184F633400D32205 /* Release */,
			);
			defaultConfigurationIsVisible = 0;
			defaultConfigurationName = Release;
		};
		4538BA79184F633400D32205 /* Build configuration list for PBXNativeTarget "Series.ly" */ = {
			isa = XCConfigurationList;
			buildConfigurations = (
				4538BA7A184F633400D32205 /* Debug */,
				4538BA7B184F633400D32205 /* Release */,
			);
			defaultConfigurationIsVisible = 0;
			defaultConfigurationName = Release;
		};
		4538BA7C184F633400D32205 /* Build configuration list for PBXNativeTarget "Series.lyTests" */ = {
			isa = XCConfigurationList;
			buildConfigurations = (
				4538BA7D184F633400D32205 /* Debug */,
				4538BA7E184F633400D32205 /* Release */,
			);
			defaultConfigurationIsVisible = 0;
			defaultConfigurationName = Release;
		};
/* End XCConfigurationList section */
	};
	rootObject = 4538BA45184F633300D32205 /* Project object */;
}
